
Microsoft Visual Studio Solution File, Format Version 11.00
# Visual Studio 2010
Project("{FAE04EC0-301F-11D3-BF4B-00C04F79EFBC}") = "FirstApp", "Assembly-CSharp.csproj", "{22CA7F7B-8B37-B1F2-B3C6-34244022DB85}"
EndProject
Project("{FAE04EC0-301F-11D3-BF4B-00C04F79EFBC}") = "FirstApp", "Assembly-CSharp-Editor.csproj", "{F55ECFA6-8A74-79B1-AAE6-5CA1876BD936}"
EndProject
Global
	GlobalSection(SolutionConfigurationPlatforms) = preSolution
		Debug|Any CPU = Debug|Any CPU
		Release|Any CPU = Release|Any CPU
	EndGlobalSection
	GlobalSection(ProjectConfigurationPlatforms) = postSolution
		{22CA7F7B-8B37-B1F2-B3C6-34244022DB85}.Debug|Any CPU.ActiveCfg = Debug|Any CPU
		{22CA7F7B-8B37-B1F2-B3C6-34244022DB85}.Debug|Any CPU.Build.0 = Debug|Any CPU
		{22CA7F7B-8B37-B1F2-B3C6-34244022DB85}.Release|Any CPU.ActiveCfg = Release|Any CPU
		{22CA7F7B-8B37-B1F2-B3C6-34244022DB85}.Release|Any CPU.Build.0 = Release|Any CPU
		{F55ECFA6-8A74-79B1-AAE6-5CA1876BD936}.Debug|Any CPU.ActiveCfg = Debug|Any CPU
		{F55ECFA6-8A74-79B1-AAE6-5CA1876BD936}.Debug|Any CPU.Build.0 = Debug|Any CPU
		{F55ECFA6-8A74-79B1-AAE6-5CA1876BD936}.Release|Any CPU.ActiveCfg = Release|Any CPU
		{F55ECFA6-8A74-79B1-AAE6-5CA1876BD936}.Release|Any CPU.Build.0 = Release|Any CPU
	EndGlobalSection
	GlobalSection(SolutionProperties) = preSolution
		HideSolutionNode = FALSE
	EndGlobalSection
	GlobalSection(MonoDevelopProperties) = preSolution
		StartupItem = Assembly-CSharp.csproj
	EndGlobalSection
EndGlobal
